
Microsoft Visual Studio Solution File, Format Version 12.00
Project("{FAE04EC0-301F-11D3-BF4B-00C04F79EFBC}") = "EcommerceAPI", "EcommerceAPI\EcommerceAPI.csproj", "{E9F91BE0-C0A4-4E62-AF8A-4BE59D2E5A25}"
EndProject
Global
	GlobalSection(SolutionConfigurationPlatforms) = preSolution
		Debug|Any CPU = Debug|Any CPU
		Release|Any CPU = Release|Any CPU
	EndGlobalSection
	GlobalSection(ProjectConfigurationPlatforms) = postSolution
		{E9F91BE0-C0A4-4E62-AF8A-4BE59D2E5A25}.Debug|Any CPU.ActiveCfg = Debug|Any CPU
		{E9F91BE0-C0A4-4E62-AF8A-4BE59D2E5A25}.Debug|Any CPU.Build.0 = Debug|Any CPU
		{E9F91BE0-C0A4-4E62-AF8A-4BE59D2E5A25}.Release|Any CPU.ActiveCfg = Release|Any CPU
		{E9F91BE0-C0A4-4E62-AF8A-4BE59D2E5A25}.Release|Any CPU.Build.0 = Release|Any CPU
	EndGlobalSection
EndGlobal
